PODS:
  - Alamofire (4.3.0)
  - Kingfisher (3.4.0)
  - NVActivityIndicatorView (3.5)
  - ReactiveCocoa (5.0.0):
    - ReactiveSwift (~> 1.0.0)
  - ReactiveSwift (1.0.1):
    - Result (~> 3.1)
  - Result (3.1.0)
  - SnapKit (3.2.0)
  - SwiftyJSON (3.1.4)

DEPENDENCIES:
  - Alamofire
  - Kingfisher
  - NVActivityIndicatorView
  - ReactiveCocoa
  - SnapKit
  - SwiftyJSON

SPEC CHECKSUMS:
  Alamofire: 856a113053a7bc9cbe5d6367a555d773fc5cfef7
  Kingfisher: 5690cfb3d1bddf3a98d679a3a34d0b7294974ed2
  NVActivityIndicatorView: e5252b082f93885f0bfc24c318719b4eaabcd37b
  ReactiveCocoa: 60ef0da915b4f70c34ebecc3f4fb8f96af0e53d6
  ReactiveSwift: b1453c8885ebfb9b09b6d60bc5bc3303f56dc72c
  Result: 4e3ed5995ed94d0cd6a09be9a431fce3f3624bbf
  SnapKit: 1ca44df72cfa543218d177cb8aab029d10d86ea7
  SwiftyJSON: c2842d878f95482ffceec5709abc3d05680c0220

PODFILE CHECKSUM: 256f895c72ab1edb4832d4ace49ceb96b044eddb

COCOAPODS: 1.0.0
